# This file is autogenerated, do not edit; changes may be undone by the next 'dep ensure'.


[[projects]]
  name = "github.com/gin-gonic/gin"
  packages = [
    "binding",
    "render"
  ]
  revision = "d5b353c5d5a560322e6d96121c814115562501f7"

[[projects]]
  name = "github.com/golang/protobuf"
  packages = ["proto"]
  revision = "2402d76f3d41f928c7902a765dfc872356dd3aad"

[[projects]]
  name = "github.com/google/go-github"
  packages = ["github"]
  revision = "fc60e1f520f17a9d4cb2c9ec522d40451f3880f7"
  version = "v7.0.0"

[[projects]]
  branch = "master"
  name = "github.com/google/go-querystring"
  packages = ["query"]
  revision = "53e6ce116135b80d037921a7fdd5138cf32d7a8a"

[[projects]]
  branch = "master"
  name = "github.com/manucorporat/sse"
  packages = ["."]
  revision = "ee05b128a739a0fb76c7ebd3ae4810c1de808d6d"

[[projects]]
  name = "github.com/mattn/go-isatty"
  packages = ["."]
  revision = "fc9e8d8ef48496124e79ae0df75490096eccf6fe"
  version = "v0.0.2"

[[projects]]
  name = "golang.org/x/net"
  packages = ["context"]
  revision = "f315505cf3349909cdf013ea56690da34e96a451"

[[projects]]
  name = "golang.org/x/oauth2"
  packages = [
    ".",
    "internal"
  ]
  revision = "f047394b6d14284165300fd82dad67edb3a4d7f6"

[[projects]]
  name = "golang.org/x/sys"
  packages = ["unix"]
  revision = "9c9d83fe39ed3fd2d9249fcf6b755891fff54b03"

[[projects]]
  name = "google.golang.org/appengine"
  packages = [
    ".",
    "internal",
    "internal/app_identity",
    "internal/base",
    "internal/datastore",
    "internal/log",
    "internal/modules",
    "internal/remote_api",
    "internal/urlfetch",
    "urlfetch"
  ]
  revision = "170382fa85b10b94728989dfcf6cc818b335c952"

[[projects]]
  name = "gopkg.in/gin-gonic/gin.v1"
  packages = ["."]
  revision = "e2212d40c62a98b388a5eb48ecbdcf88534688ba"
  version = "v1.1.4"

[[projects]]
  name = "gopkg.in/go-playground/validator.v8"
  packages = ["."]
  revision = "c193cecd124b5cc722d7ee5538e945bdb3348435"
  version = "v8.15.1"

[[projects]]
  name = "gopkg.in/rjz/githubhook.v0"
  packages = ["."]
  revision = "d5f019004f0a15c1c9be5ac3034071ba0dff5832"
  version = "v0.0.1"

[[projects]]
  name = "gopkg.in/yaml.v2"
  packages = ["."]
  revision = "cd8b52f8269e0feb286dfeef29f8fe4d5b397e0b"

[solve-meta]
  analyzer-name = "dep"
  analyzer-version = 1
  inputs-digest = "293a6e39b8b6dd9b6415ad64aa477fd977d0d2de4823ac7e169602fdc8640e34"
  solver-name = "gps-cdcl"
  solver-version = 1
